
Microsoft Visual Studio Solution File, Format Version 12.00
# Visual Studio Version 16
VisualStudioVersion = 16.0.31105.61
MinimumVisualStudioVersion = 10.0.40219.1
Project("{9A19103F-16F7-4668-BE54-9A1E7A4F7556}") = "HttpTunnel", "HttpTunnel.csproj", "{5ADC0B66-7B66-4FCE-980D-02CD75D0E61C}"
EndProject
Project("{2150E333-8FDC-42A3-9474-1A3956D46DE8}") = "Solution Items", "Solution Items", "{D091BC60-DA4D-424C-A3A4-7C73C2CF28A4}"
	ProjectSection(SolutionItems) = preProject
		.editorconfig = .editorconfig
	EndProjectSection
EndProject
Global
	GlobalSection(SolutionConfigurationPlatforms) = preSolution
		Debug|Any CPU = Debug|Any CPU
		Release|Any CPU = Release|Any CPU
	EndGlobalSection
	GlobalSection(ProjectConfigurationPlatforms) = postSolution
		{5ADC0B66-7B66-4FCE-980D-02CD75D0E61C}.Debug|Any CPU.ActiveCfg = Debug|Any CPU
		{5ADC0B66-7B66-4FCE-980D-02CD75D0E61C}.Debug|Any CPU.Build.0 = Debug|Any CPU
		{5ADC0B66-7B66-4FCE-980D-02CD75D0E61C}.Release|Any CPU.ActiveCfg = Release|Any CPU
		{5ADC0B66-7B66-4FCE-980D-02CD75D0E61C}.Release|Any CPU.Build.0 = Release|Any CPU
	EndGlobalSection
	GlobalSection(SolutionProperties) = preSolution
		HideSolutionNode = FALSE
	EndGlobalSection
	GlobalSection(ExtensibilityGlobals) = postSolution
		SolutionGuid = {1560F76C-DA5E-4205-9ED0-EA28310640D9}
	EndGlobalSection
EndGlobal
