
Microsoft Visual Studio Solution File, Format Version 12.00
# Visual Studio Version 16
VisualStudioVersion = 16.0.31105.61
MinimumVisualStudioVersion = 10.0.40219.1
Project("{9A19103F-16F7-4668-BE54-9A1E7A4F7556}") = "PongServer", "PongServer.csproj", "{0A076A57-EBBA-4CAC-A09F-CBEAEFE40AB7}"
EndProject
Global
	GlobalSection(SolutionConfigurationPlatforms) = preSolution
		Debug|Any CPU = Debug|Any CPU
		Release|Any CPU = Release|Any CPU
	EndGlobalSection
	GlobalSection(ProjectConfigurationPlatforms) = postSolution
		{0A076A57-EBBA-4CAC-A09F-CBEAEFE40AB7}.Debug|Any CPU.ActiveCfg = Debug|Any CPU
		{0A076A57-EBBA-4CAC-A09F-CBEAEFE40AB7}.Debug|Any CPU.Build.0 = Debug|Any CPU
		{0A076A57-EBBA-4CAC-A09F-CBEAEFE40AB7}.Release|Any CPU.ActiveCfg = Release|Any CPU
		{0A076A57-EBBA-4CAC-A09F-CBEAEFE40AB7}.Release|Any CPU.Build.0 = Release|Any CPU
	EndGlobalSection
	GlobalSection(SolutionProperties) = preSolution
		HideSolutionNode = FALSE
	EndGlobalSection
	GlobalSection(ExtensibilityGlobals) = postSolution
		SolutionGuid = {5BCA0C39-ED8E-4A38-9561-62501FA106E3}
	EndGlobalSection
EndGlobal
